{
  "version": 4,
  "terraform_version": "1.7.0",
  "serial": 60,
  "lineage": "5ba3182c-1aa3-dc64-4295-8b46a431ef9b",
  "outputs": {},
  "resources": [
    {
      "mode": "managed",
      "type": "aws_instance",
      "name": "botit_ec2",
      "provider": "provider[\"registry.terraform.io/hashicorp/aws\"]",
      "instances": [
        {
          "schema_version": 1,
          "attributes": {
            "ami": "ami-080e1f13689e07408",
            "arn": "arn:aws:ec2:us-east-1:745656184113:instance/i-09ae3baa95a95f4f0",
            "associate_public_ip_address": true,
            "availability_zone": "us-east-1c",
            "capacity_reservation_specification": [
              {
                "capacity_reservation_preference": "open",
                "capacity_reservation_target": []
              }
            ],
            "cpu_core_count": 2,
            "cpu_options": [
              {
                "amd_sev_snp": "",
                "core_count": 2,
                "threads_per_core": 1
              }
            ],
            "cpu_threads_per_core": 1,
            "credit_specification": [
              {
                "cpu_credits": "standard"
              }
            ],
            "disable_api_stop": false,
            "disable_api_termination": false,
            "ebs_block_device": [],
            "ebs_optimized": false,
            "enclave_options": [
              {
                "enabled": false
              }
            ],
            "ephemeral_block_device": [],
            "get_password_data": false,
            "hibernation": false,
            "host_id": "",
            "host_resource_group_arn": null,
            "iam_instance_profile": "",
            "id": "i-09ae3baa95a95f4f0",
            "instance_initiated_shutdown_behavior": "stop",
            "instance_lifecycle": "",
            "instance_market_options": [],
            "instance_state": "running",
            "instance_type": "t2.medium",
            "ipv6_address_count": 0,
            "ipv6_addresses": [],
            "key_name": "ec2_key",
            "launch_template": [],
            "maintenance_options": [
              {
                "auto_recovery": "default"
              }
            ],
            "metadata_options": [
              {
                "http_endpoint": "enabled",
                "http_protocol_ipv6": "disabled",
                "http_put_response_hop_limit": 1,
                "http_tokens": "optional",
                "instance_metadata_tags": "disabled"
              }
            ],
            "monitoring": false,
            "network_interface": [],
            "outpost_arn": "",
            "password_data": "",
            "placement_group": "",
            "placement_partition_number": 0,
            "primary_network_interface_id": "eni-0872f7d863caa91e2",
            "private_dns": "ip-172-31-80-100.ec2.internal",
            "private_dns_name_options": [
              {
                "enable_resource_name_dns_a_record": false,
                "enable_resource_name_dns_aaaa_record": false,
                "hostname_type": "ip-name"
              }
            ],
            "private_ip": "172.31.80.100",
            "public_dns": "ec2-44-202-254-50.compute-1.amazonaws.com",
            "public_ip": "44.202.254.50",
            "root_block_device": [
              {
                "delete_on_termination": true,
                "device_name": "/dev/sda1",
                "encrypted": false,
                "iops": 100,
                "kms_key_id": "",
                "tags": {},
                "tags_all": {},
                "throughput": 0,
                "volume_id": "vol-0c06bfa28ff7041f2",
                "volume_size": 8,
                "volume_type": "gp2"
              }
            ],
            "secondary_private_ips": [],
            "security_groups": [
              "botit_securty_group"
            ],
            "source_dest_check": true,
            "spot_instance_request_id": "",
            "subnet_id": "subnet-057dc59760d83955b",
            "tags": {
              "Name": "botit_ec2"
            },
            "tags_all": {
              "Name": "botit_ec2"
            },
            "tenancy": "default",
            "timeouts": null,
            "user_data": "a31035c1735fbe0154640c036f0ef4571bf297da",
            "user_data_base64": null,
            "user_data_replace_on_change": false,
            "volume_tags": null,
            "vpc_security_group_ids": [
              "sg-07d0e26883ec81b05"
            ]
          },
          "sensitive_attributes": [],
          "private": "eyJlMmJmYjczMC1lY2FhLTExZTYtOGY4OC0zNDM2M2JjN2M0YzAiOnsiY3JlYXRlIjo2MDAwMDAwMDAwMDAsImRlbGV0ZSI6MTIwMDAwMDAwMDAwMCwicmVhZCI6OTAwMDAwMDAwMDAwLCJ1cGRhdGUiOjYwMDAwMDAwMDAwMH0sInNjaGVtYV92ZXJzaW9uIjoiMSJ9",
          "dependencies": [
            "aws_key_pair.ec2_key",
            "aws_security_group.botit_securty_group"
          ]
        }
      ]
    },
    {
      "mode": "managed",
      "type": "aws_key_pair",
      "name": "ec2_key",
      "provider": "provider[\"registry.terraform.io/hashicorp/aws\"]",
      "instances": [
        {
          "schema_version": 1,
          "attributes": {
            "arn": "arn:aws:ec2:us-east-1:745656184113:key-pair/ec2_key",
            "fingerprint": "a3:99:3f:4b:4e:59:39:f5:d7:25:6b:ce:af:27:c1:35",
            "id": "ec2_key",
            "key_name": "ec2_key",
            "key_name_prefix": "",
            "key_pair_id": "key-06526e09093ff85be",
            "key_type": "rsa",
            "public_key": "ssh-rsa AAAAB3NzaC1yc2EAAAADAQABAAABgQCMakyzzW1rNSxEgd5jEY18Z+/qEGgFwaaTXV0tpJ5YddVy4ldOyTp4gV7rSnYO2VziyqSX5AXJ/j7ckFJvXWXVUVPrnSWTvym3MvA6/Udt4GxjleruL8IJUemougOfeRxCHalVVINuVwxMt1Pf4Ktr5AOCiIgjw5xNUX5lhim2ACzNqKlmCVC1BXtpeOQTA4ypx0kS21pCsJTxD53Z2zGPR0FN9+Dtho6e4VftLYpDYroQsS2Em0u+kqPtmdbO9900NPEMRfP5NdhsJXfYK/631GxSgvhPuRuvIGQrX9yRvK4rQ5VIILU8vVn0bDG7rOb7VvPpakbsXkvOdrnsi45Hilz3J26YZSee8rr7UDsuxywJhZ9g6oiYL9tjmYYwwzlyKXRiecADUMhdJRVLbDyOq+Q6L2Skx0GlK4w5m0+pK6uQ269LBr4390e5YzHFNK2Q5se5KmjJWEk6ys3clzt4NBdljncsCBgJrC+jVdlapnGBVZsNjIxnvrAYhApKnoM= ahmed@ASA",
            "tags": null,
            "tags_all": {}
          },
          "sensitive_attributes": [],
          "private": "eyJzY2hlbWFfdmVyc2lvbiI6IjEifQ=="
        }
      ]
    },
    {
      "mode": "managed",
      "type": "aws_security_group",
      "name": "botit_securty_group",
      "provider": "provider[\"registry.terraform.io/hashicorp/aws\"]",
      "instances": [
        {
          "schema_version": 1,
          "attributes": {
            "arn": "arn:aws:ec2:us-east-1:745656184113:security-group/sg-07d0e26883ec81b05",
            "description": "Allow Traffic to botit ec2",
            "egress": [
              {
                "cidr_blocks": [
                  "0.0.0.0/0"
                ],
                "description": "",
                "from_port": 0,
                "ipv6_cidr_blocks": [],
                "prefix_list_ids": [],
                "protocol": "-1",
                "security_groups": [],
                "self": false,
                "to_port": 0
              }
            ],
            "id": "sg-07d0e26883ec81b05",
            "ingress": [
              {
                "cidr_blocks": [
                  "0.0.0.0/0"
                ],
                "description": "",
                "from_port": 22,
                "ipv6_cidr_blocks": [],
                "prefix_list_ids": [],
                "protocol": "tcp",
                "security_groups": [],
                "self": false,
                "to_port": 22
              },
              {
                "cidr_blocks": [
                  "0.0.0.0/0"
                ],
                "description": "",
                "from_port": 5000,
                "ipv6_cidr_blocks": [],
                "prefix_list_ids": [],
                "protocol": "tcp",
                "security_groups": [],
                "self": false,
                "to_port": 5000
              }
            ],
            "name": "botit_securty_group",
            "name_prefix": "",
            "owner_id": "745656184113",
            "revoke_rules_on_delete": false,
            "tags": {
              "Name": "botit_securty_group"
            },
            "tags_all": {
              "Name": "botit_securty_group"
            },
            "timeouts": null,
            "vpc_id": "vpc-0b2fba49bf6cc8ec2"
          },
          "sensitive_attributes": [],
          "private": "eyJlMmJmYjczMC1lY2FhLTExZTYtOGY4OC0zNDM2M2JjN2M0YzAiOnsiY3JlYXRlIjo2MDAwMDAwMDAwMDAsImRlbGV0ZSI6OTAwMDAwMDAwMDAwfSwic2NoZW1hX3ZlcnNpb24iOiIxIn0="
        }
      ]
    }
  ],
  "check_results": null
}
